
Microsoft Visual Studio Solution File, Format Version 12.00
# Visual Studio Version 16
VisualStudioVersion = 16.0.29728.190
MinimumVisualStudioVersion = 10.0.40219.1
Project("{9A19103F-16F7-4668-BE54-9A1E7A4F7556}") = "PMMarketDataServiceAPI", "PMMarketDataServiceAPI\PMMarketDataServiceAPI.csproj", "{0CA871A8-4B64-4BED-ACA1-B090A9F927C3}"
EndProject
Project("{9A19103F-16F7-4668-BE54-9A1E7A4F7556}") = "PMMarketDataService.DataProvider.Lib", "PMMarketDataService.DataProvider.Lib\PMMarketDataService.DataProvider.Lib.csproj", "{90FDB8EC-1E56-4ADD-B048-B1E03ED53432}"
EndProject
Project("{9A19103F-16F7-4668-BE54-9A1E7A4F7556}") = "PMMarketDataService.DataProvider.Client", "PMMarketDataService.DataProvider.Client\PMMarketDataService.DataProvider.Client.csproj", "{43D7A8DF-5865-4B7A-BF26-6D558BB1CD28}"
EndProject
Project("{FAE04EC0-301F-11D3-BF4B-00C04F79EFBC}") = "PMMarketDataService.DataProvider.UnitTests", "PMMarketDataService.DataProvider.UnitTests\PMMarketDataService.DataProvider.UnitTests.csproj", "{78480328-843A-465E-B242-5596C6411EE6}"
EndProject
Global
	GlobalSection(SolutionConfigurationPlatforms) = preSolution
		Debug|Any CPU = Debug|Any CPU
		Release|Any CPU = Release|Any CPU
	EndGlobalSection
	GlobalSection(ProjectConfigurationPlatforms) = postSolution
		{0CA871A8-4B64-4BED-ACA1-B090A9F927C3}.Debug|Any CPU.ActiveCfg = Debug|Any CPU
		{0CA871A8-4B64-4BED-ACA1-B090A9F927C3}.Debug|Any CPU.Build.0 = Debug|Any CPU
		{0CA871A8-4B64-4BED-ACA1-B090A9F927C3}.Release|Any CPU.ActiveCfg = Release|Any CPU
		{0CA871A8-4B64-4BED-ACA1-B090A9F927C3}.Release|Any CPU.Build.0 = Release|Any CPU
		{90FDB8EC-1E56-4ADD-B048-B1E03ED53432}.Debug|Any CPU.ActiveCfg = Debug|Any CPU
		{90FDB8EC-1E56-4ADD-B048-B1E03ED53432}.Debug|Any CPU.Build.0 = Debug|Any CPU
		{90FDB8EC-1E56-4ADD-B048-B1E03ED53432}.Release|Any CPU.ActiveCfg = Release|Any CPU
		{90FDB8EC-1E56-4ADD-B048-B1E03ED53432}.Release|Any CPU.Build.0 = Release|Any CPU
		{43D7A8DF-5865-4B7A-BF26-6D558BB1CD28}.Debug|Any CPU.ActiveCfg = Debug|Any CPU
		{43D7A8DF-5865-4B7A-BF26-6D558BB1CD28}.Debug|Any CPU.Build.0 = Debug|Any CPU
		{43D7A8DF-5865-4B7A-BF26-6D558BB1CD28}.Release|Any CPU.ActiveCfg = Release|Any CPU
		{43D7A8DF-5865-4B7A-BF26-6D558BB1CD28}.Release|Any CPU.Build.0 = Release|Any CPU
		{78480328-843A-465E-B242-5596C6411EE6}.Debug|Any CPU.ActiveCfg = Debug|Any CPU
		{78480328-843A-465E-B242-5596C6411EE6}.Debug|Any CPU.Build.0 = Debug|Any CPU
		{78480328-843A-465E-B242-5596C6411EE6}.Release|Any CPU.ActiveCfg = Release|Any CPU
		{78480328-843A-465E-B242-5596C6411EE6}.Release|Any CPU.Build.0 = Release|Any CPU
	EndGlobalSection
	GlobalSection(SolutionProperties) = preSolution
		HideSolutionNode = FALSE
	EndGlobalSection
	GlobalSection(ExtensibilityGlobals) = postSolution
		SolutionGuid = {3A4E3F67-E37E-470C-870B-0A8E7522D690}
	EndGlobalSection
EndGlobal
